// !$*UTF8*$!
{
	archiveVersion = 1;
	classes = {
	};
	objectVersion = 46;
	objects = {

/* Begin PBXBuildFile section */
		F70AE9BB1BD08343008F817D /* Main.storyboard in Resources */ = {isa = PBXBuildFile; fileRef = F70AE9B91BD08343008F817D /* Main.storyboard */; };
		F70AE9BD1BD08343008F817D /* Images.xcassets in Resources */ = {isa = PBXBuildFile; fileRef = F70AE9BC1BD08343008F817D /* Images.xcassets */; };
		F70AE9C01BD08343008F817D /* LaunchScreen.xib in Resources */ = {isa = PBXBuildFile; fileRef = F70AE9BE1BD08343008F817D /* LaunchScreen.xib */; };
		F70AE9CC1BD08343008F817D /* JXHDemoTests.m in Sources */ = {isa = PBXBuildFile; fileRef = F70AE9CB1BD08343008F817D /* JXHDemoTests.m */; };
		F722DBB01BE0AAAF00D5EC1F /* NSString+Extension.m in Sources */ = {isa = PBXBuildFile; fileRef = F722DBAF1BE0AAAF00D5EC1F /* NSString+Extension.m */; };
		F722DBD81BE20DDF00D5EC1F /* ESNavigationController.m in Sources */ = {isa = PBXBuildFile; fileRef = F722DBCB1BE20DDF00D5EC1F /* ESNavigationController.m */; };
		F722DBD91BE20DDF00D5EC1F /* ESTabBarController.m in Sources */ = {isa = PBXBuildFile; fileRef = F722DBCD1BE20DDF00D5EC1F /* ESTabBarController.m */; };
		F722DBDB1BE20DDF00D5EC1F /* NewFeatureViewController.m in Sources */ = {isa = PBXBuildFile; fileRef = F722DBD11BE20DDF00D5EC1F /* NewFeatureViewController.m */; };
		F722DBDC1BE20DDF00D5EC1F /* ESTabBar.m in Sources */ = {isa = PBXBuildFile; fileRef = F722DBD51BE20DDF00D5EC1F /* ESTabBar.m */; };
		F722DBDD1BE20DDF00D5EC1F /* ESTabBarButton.m in Sources */ = {isa = PBXBuildFile; fileRef = F722DBD71BE20DDF00D5EC1F /* ESTabBarButton.m */; };
		F722DBE01BE20F3C00D5EC1F /* UIImage+Extension.m in Sources */ = {isa = PBXBuildFile; fileRef = F722DBDF1BE20F3C00D5EC1F /* UIImage+Extension.m */; };
		F722DBE21BE2108700D5EC1F /* ESKit.framework in Frameworks */ = {isa = PBXBuildFile; fileRef = F722DBE11BE2108700D5EC1F /* ESKit.framework */; };
		F722DBE51BE213F200D5EC1F /* UIBarButtonItem+Extension.m in Sources */ = {isa = PBXBuildFile; fileRef = F722DBE41BE213F200D5EC1F /* UIBarButtonItem+Extension.m */; };
		F7438A9B1BEAFC93001CBF6D /* MainTableViewController.m in Sources */ = {isa = PBXBuildFile; fileRef = F7438A7C1BEAFC93001CBF6D /* MainTableViewController.m */; };
		F7438A9C1BEAFC93001CBF6D /* LabelHeightViewController.m in Sources */ = {isa = PBXBuildFile; fileRef = F7438A7F1BEAFC93001CBF6D /* LabelHeightViewController.m */; };
		F7438A9D1BEAFC93001CBF6D /* AffineViewController.m in Sources */ = {isa = PBXBuildFile; fileRef = F7438A821BEAFC93001CBF6D /* AffineViewController.m */; };
		F7438A9E1BEAFC93001CBF6D /* OpenWebViewController.m in Sources */ = {isa = PBXBuildFile; fileRef = F7438A851BEAFC93001CBF6D /* OpenWebViewController.m */; };
		F7438A9F1BEAFC93001CBF6D /* FolderTableViewController.m in Sources */ = {isa = PBXBuildFile; fileRef = F7438A881BEAFC93001CBF6D /* FolderTableViewController.m */; };
		F7438AA01BEAFC93001CBF6D /* SectionHeader.m in Sources */ = {isa = PBXBuildFile; fileRef = F7438A8A1BEAFC93001CBF6D /* SectionHeader.m */; };
		F7438AA11BEAFC93001CBF6D /* SectionHeaderView.m in Sources */ = {isa = PBXBuildFile; fileRef = F7438A8C1BEAFC93001CBF6D /* SectionHeaderView.m */; };
		F7438AA21BEAFC93001CBF6D /* CheckBoxViewController.m in Sources */ = {isa = PBXBuildFile; fileRef = F7438A8F1BEAFC93001CBF6D /* CheckBoxViewController.m */; };
		F7438AA31BEAFC93001CBF6D /* UICheckBox.m in Sources */ = {isa = PBXBuildFile; fileRef = F7438A911BEAFC93001CBF6D /* UICheckBox.m */; };
		F7438AA41BEAFC93001CBF6D /* AlertViewController.m in Sources */ = {isa = PBXBuildFile; fileRef = F7438A941BEAFC93001CBF6D /* AlertViewController.m */; };
		F7438AA51BEAFC93001CBF6D /* AlertControllerViewController.m in Sources */ = {isa = PBXBuildFile; fileRef = F7438A971BEAFC93001CBF6D /* AlertControllerViewController.m */; };
		F7438AA61BEAFC93001CBF6D /* PickerViewController.m in Sources */ = {isa = PBXBuildFile; fileRef = F7438A9A1BEAFC93001CBF6D /* PickerViewController.m */; };
		F7438ABF1BEAFCB2001CBF6D /* KCAnnotation.m in Sources */ = {isa = PBXBuildFile; fileRef = F7438AA91BEAFCB2001CBF6D /* KCAnnotation.m */; };
		F7438AC01BEAFCB2001CBF6D /* MapViewController.m in Sources */ = {isa = PBXBuildFile; fileRef = F7438AAB1BEAFCB2001CBF6D /* MapViewController.m */; };
		F7438AC11BEAFCB2001CBF6D /* SplitTableViewController.m in Sources */ = {isa = PBXBuildFile; fileRef = F7438AAE1BEAFCB2001CBF6D /* SplitTableViewController.m */; };
		F7438AC21BEAFCB2001CBF6D /* CustomCalendarViewController.m in Sources */ = {isa = PBXBuildFile; fileRef = F7438AB11BEAFCB2001CBF6D /* CustomCalendarViewController.m */; };
		F7438AC31BEAFCB2001CBF6D /* MyCalenderView.m in Sources */ = {isa = PBXBuildFile; fileRef = F7438AB31BEAFCB2001CBF6D /* MyCalenderView.m */; };
		F7438AC41BEAFCB2001CBF6D /* MyScheduleListTableViewController.m in Sources */ = {isa = PBXBuildFile; fileRef = F7438AB51BEAFCB2001CBF6D /* MyScheduleListTableViewController.m */; };
		F7438AC51BEAFCB2001CBF6D /* NewRecordViewController.m in Sources */ = {isa = PBXBuildFile; fileRef = F7438AB81BEAFCB2001CBF6D /* NewRecordViewController.m */; };
		F7438AC61BEAFCB2001CBF6D /* TimerButton.m in Sources */ = {isa = PBXBuildFile; fileRef = F7438ABA1BEAFCB2001CBF6D /* TimerButton.m */; };
		F7438AC71BEAFCB2001CBF6D /* TimerShaftCell.m in Sources */ = {isa = PBXBuildFile; fileRef = F7438ABC1BEAFCB2001CBF6D /* TimerShaftCell.m */; };
		F7438AC81BEAFCB2001CBF6D /* TimerShaftTableViewController.m in Sources */ = {isa = PBXBuildFile; fileRef = F7438ABE1BEAFCB2001CBF6D /* TimerShaftTableViewController.m */; };
		F7438ACD1BEAFCE3001CBF6D /* TestViewController.m in Sources */ = {isa = PBXBuildFile; fileRef = F7438ACA1BEAFCE3001CBF6D /* TestViewController.m */; };
		F7438ACE1BEAFCE3001CBF6D /* UIAlertView+DIY.m in Sources */ = {isa = PBXBuildFile; fileRef = F7438ACC1BEAFCE3001CBF6D /* UIAlertView+DIY.m */; };
		F7438AD11BEB4DE0001CBF6D /* MyDemoViewController.m in Sources */ = {isa = PBXBuildFile; fileRef = F7438AD01BEB4DE0001CBF6D /* MyDemoViewController.m */; };
		F7438AD41BEB4DFD001CBF6D /* FoundationViewController.m in Sources */ = {isa = PBXBuildFile; fileRef = F7438AD31BEB4DFD001CBF6D /* FoundationViewController.m */; };
		F755A3221BD8B30000803182 /* AppDelegate.m in Sources */ = {isa = PBXBuildFile; fileRef = F755A31F1BD8B30000803182 /* AppDelegate.m */; };
		F755A3251BD8B32600803182 /* main.m in Sources */ = {isa = PBXBuildFile; fileRef = F755A3241BD8B32600803182 /* main.m */; };
		F777FCAC1BDB636B00C5CBEA /* icon.png in Resources */ = {isa = PBXBuildFile; fileRef = F777FCAB1BDB636B00C5CBEA /* icon.png */; };
		F7960CFC1BE33A1A004BA408 /* UIView+Extension.m in Sources */ = {isa = PBXBuildFile; fileRef = F7960CFB1BE33A1A004BA408 /* UIView+Extension.m */; };
/* End PBXBuildFile section */

/* Begin PBXContainerItemProxy section */
		F70AE9C61BD08343008F817D /* PBXContainerItemProxy */ = {
			isa = PBXContainerItemProxy;
			containerPortal = F70AE9A41BD08343008F817D /* Project object */;
			proxyType = 1;
			remoteGlobalIDString = F70AE9AB1BD08343008F817D;
			remoteInfo = JXHDemo;
		};
/* End PBXContainerItemProxy section */

/* Begin PBXFileReference section */
		F70AE9AC1BD08343008F817D /* JXHDemo.app */ = {isa = PBXFileReference; explicitFileType = wrapper.application; includeInIndex = 0; path = JXHDemo.app; sourceTree = BUILT_PRODUCTS_DIR; };
		F70AE9B01BD08343008F817D /* Info.plist */ = {isa = PBXFileReference; lastKnownFileType = text.plist.xml; path = Info.plist; sourceTree = "<group>"; };
		F70AE9BA1BD08343008F817D /* Base */ = {isa = PBXFileReference; lastKnownFileType = file.storyboard; name = Base; path = Base.lproj/Main.storyboard; sourceTree = "<group>"; };
		F70AE9BC1BD08343008F817D /* Images.xcassets */ = {isa = PBXFileReference; lastKnownFileType = folder.assetcatalog; path = Images.xcassets; sourceTree = "<group>"; };
		F70AE9BF1BD08343008F817D /* Base */ = {isa = PBXFileReference; lastKnownFileType = file.xib; name = Base; path = Base.lproj/LaunchScreen.xib; sourceTree = "<group>"; };
		F70AE9C51BD08343008F817D /* JXHDemoTests.xctest */ = {isa = PBXFileReference; explicitFileType = wrapper.cfbundle; includeInIndex = 0; path = JXHDemoTests.xctest; sourceTree = BUILT_PRODUCTS_DIR; };
		F70AE9CA1BD08343008F817D /* Info.plist */ = {isa = PBXFileReference; lastKnownFileType = text.plist.xml; path = Info.plist; sourceTree = "<group>"; };
		F70AE9CB1BD08343008F817D /* JXHDemoTests.m */ = {isa = PBXFileReference; lastKnownFileType = sourcecode.c.objc; path = JXHDemoTests.m; sourceTree = "<group>"; };
		F70AE9D91BD08BB1008F817D /* Prefix.pch */ = {isa = PBXFileReference; lastKnownFileType = sourcecode.c.h; path = Prefix.pch; sourceTree = "<group>"; };
		F722DBAE1BE0AAAF00D5EC1F /* NSString+Extension.h */ = {isa = PBXFileReference; fileEncoding = 4; lastKnownFileType = sourcecode.c.h; path = "NSString+Extension.h"; sourceTree = "<group>"; };
		F722DBAF1BE0AAAF00D5EC1F /* NSString+Extension.m */ = {isa = PBXFileReference; fileEncoding = 4; lastKnownFileType = sourcecode.c.objc; path = "NSString+Extension.m"; sourceTree = "<group>"; };
		F722DBCA1BE20DDF00D5EC1F /* ESNavigationController.h */ = {isa = PBXFileReference; fileEncoding = 4; lastKnownFileType = sourcecode.c.h; path = ESNavigationController.h; sourceTree = "<group>"; };
		F722DBCB1BE20DDF00D5EC1F /* ESNavigationController.m */ = {isa = PBXFileReference; fileEncoding = 4; lastKnownFileType = sourcecode.c.objc; path = ESNavigationController.m; sourceTree = "<group>"; };
		F722DBCC1BE20DDF00D5EC1F /* ESTabBarController.h */ = {isa = PBXFileReference; fileEncoding = 4; lastKnownFileType = sourcecode.c.h; path = ESTabBarController.h; sourceTree = "<group>"; };
		F722DBCD1BE20DDF00D5EC1F /* ESTabBarController.m */ = {isa = PBXFileReference; fileEncoding = 4; lastKnownFileType = sourcecode.c.objc; path = ESTabBarController.m; sourceTree = "<group>"; };
		F722DBD01BE20DDF00D5EC1F /* NewFeatureViewController.h */ = {isa = PBXFileReference; fileEncoding = 4; lastKnownFileType = sourcecode.c.h; path = NewFeatureViewController.h; sourceTree = "<group>"; };
		F722DBD11BE20DDF00D5EC1F /* NewFeatureViewController.m */ = {isa = PBXFileReference; fileEncoding = 4; lastKnownFileType = sourcecode.c.objc; path = NewFeatureViewController.m; sourceTree = "<group>"; };
		F722DBD41BE20DDF00D5EC1F /* ESTabBar.h */ = {isa = PBXFileReference; fileEncoding = 4; lastKnownFileType = sourcecode.c.h; path = ESTabBar.h; sourceTree = "<group>"; };
		F722DBD51BE20DDF00D5EC1F /* ESTabBar.m */ = {isa = PBXFileReference; fileEncoding = 4; lastKnownFileType = sourcecode.c.objc; path = ESTabBar.m; sourceTree = "<group>"; };
		F722DBD61BE20DDF00D5EC1F /* ESTabBarButton.h */ = {isa = PBXFileReference; fileEncoding = 4; lastKnownFileType = sourcecode.c.h; path = ESTabBarButton.h; sourceTree = "<group>"; };
		F722DBD71BE20DDF00D5EC1F /* ESTabBarButton.m */ = {isa = PBXFileReference; fileEncoding = 4; lastKnownFileType = sourcecode.c.objc; path = ESTabBarButton.m; sourceTree = "<group>"; };
		F722DBDE1BE20F3C00D5EC1F /* UIImage+Extension.h */ = {isa = PBXFileReference; fileEncoding = 4; lastKnownFileType = sourcecode.c.h; path = "UIImage+Extension.h"; sourceTree = "<group>"; };
		F722DBDF1BE20F3C00D5EC1F /* UIImage+Extension.m */ = {isa = PBXFileReference; fileEncoding = 4; lastKnownFileType = sourcecode.c.objc; path = "UIImage+Extension.m"; sourceTree = "<group>"; };
		F722DBE11BE2108700D5EC1F /* ESKit.framework */ = {isa = PBXFileReference; lastKnownFileType = wrapper.framework; path = ESKit.framework; sourceTree = "<group>"; };
		F722DBE31BE213F200D5EC1F /* UIBarButtonItem+Extension.h */ = {isa = PBXFileReference; fileEncoding = 4; lastKnownFileType = sourcecode.c.h; path = "UIBarButtonItem+Extension.h"; sourceTree = "<group>"; };
		F722DBE41BE213F200D5EC1F /* UIBarButtonItem+Extension.m */ = {isa = PBXFileReference; fileEncoding = 4; lastKnownFileType = sourcecode.c.objc; path = "UIBarButtonItem+Extension.m"; sourceTree = "<group>"; };
		F7438A7B1BEAFC93001CBF6D /* MainTableViewController.h */ = {isa = PBXFileReference; fileEncoding = 4; lastKnownFileType = sourcecode.c.h; path = MainTableViewController.h; sourceTree = "<group>"; };
		F7438A7C1BEAFC93001CBF6D /* MainTableViewController.m */ = {isa = PBXFileReference; fileEncoding = 4; lastKnownFileType = sourcecode.c.objc; path = MainTableViewController.m; sourceTree = "<group>"; };
		F7438A7E1BEAFC93001CBF6D /* LabelHeightViewController.h */ = {isa = PBXFileReference; fileEncoding = 4; lastKnownFileType = sourcecode.c.h; path = LabelHeightViewController.h; sourceTree = "<group>"; };
		F7438A7F1BEAFC93001CBF6D /* LabelHeightViewController.m */ = {isa = PBXFileReference; fileEncoding = 4; lastKnownFileType = sourcecode.c.objc; path = LabelHeightViewController.m; sourceTree = "<group>"; };
		F7438A811BEAFC93001CBF6D /* AffineViewController.h */ = {isa = PBXFileReference; fileEncoding = 4; lastKnownFileType = sourcecode.c.h; path = AffineViewController.h; sourceTree = "<group>"; };
		F7438A821BEAFC93001CBF6D /* AffineViewController.m */ = {isa = PBXFileReference; fileEncoding = 4; lastKnownFileType = sourcecode.c.objc; path = AffineViewController.m; sourceTree = "<group>"; };
		F7438A841BEAFC93001CBF6D /* OpenWebViewController.h */ = {isa = PBXFileReference; fileEncoding = 4; lastKnownFileType = sourcecode.c.h; path = OpenWebViewController.h; sourceTree = "<group>"; };
		F7438A851BEAFC93001CBF6D /* OpenWebViewController.m */ = {isa = PBXFileReference; fileEncoding = 4; lastKnownFileType = sourcecode.c.objc; path = OpenWebViewController.m; sourceTree = "<group>"; };
		F7438A871BEAFC93001CBF6D /* FolderTableViewController.h */ = {isa = PBXFileReference; fileEncoding = 4; lastKnownFileType = sourcecode.c.h; path = FolderTableViewController.h; sourceTree = "<group>"; };
		F7438A881BEAFC93001CBF6D /* FolderTableViewController.m */ = {isa = PBXFileReference; fileEncoding = 4; lastKnownFileType = sourcecode.c.objc; path = FolderTableViewController.m; sourceTree = "<group>"; };
		F7438A891BEAFC93001CBF6D /* SectionHeader.h */ = {isa = PBXFileReference; fileEncoding = 4; lastKnownFileType = sourcecode.c.h; path = SectionHeader.h; sourceTree = "<group>"; };
		F7438A8A1BEAFC93001CBF6D /* SectionHeader.m */ = {isa = PBXFileReference; fileEncoding = 4; lastKnownFileType = sourcecode.c.objc; path = SectionHeader.m; sourceTree = "<group>"; };
		F7438A8B1BEAFC93001CBF6D /* SectionHeaderView.h */ = {isa = PBXFileReference; fileEncoding = 4; lastKnownFileType = sourcecode.c.h; path = SectionHeaderView.h; sourceTree = "<group>"; };
		F7438A8C1BEAFC93001CBF6D /* SectionHeaderView.m */ = {isa = PBXFileReference; fileEncoding = 4; lastKnownFileType = sourcecode.c.objc; path = SectionHeaderView.m; sourceTree = "<group>"; };
		F7438A8E1BEAFC93001CBF6D /* CheckBoxViewController.h */ = {isa = PBXFileReference; fileEncoding = 4; lastKnownFileType = sourcecode.c.h; path = CheckBoxViewController.h; sourceTree = "<group>"; };
		F7438A8F1BEAFC93001CBF6D /* CheckBoxViewController.m */ = {isa = PBXFileReference; fileEncoding = 4; lastKnownFileType = sourcecode.c.objc; path = CheckBoxViewController.m; sourceTree = "<group>"; };
		F7438A901BEAFC93001CBF6D /* UICheckBox.h */ = {isa = PBXFileReference; fileEncoding = 4; lastKnownFileType = sourcecode.c.h; path = UICheckBox.h; sourceTree = "<group>"; };
		F7438A911BEAFC93001CBF6D /* UICheckBox.m */ = {isa = PBXFileReference; fileEncoding = 4; lastKnownFileType = sourcecode.c.objc; path = UICheckBox.m; sourceTree = "<group>"; };
		F7438A931BEAFC93001CBF6D /* AlertViewController.h */ = {isa = PBXFileReference; fileEncoding = 4; lastKnownFileType = sourcecode.c.h; path = AlertViewController.h; sourceTree = "<group>"; };
		F7438A941BEAFC93001CBF6D /* AlertViewController.m */ = {isa = PBXFileReference; fileEncoding = 4; lastKnownFileType = sourcecode.c.objc; path = AlertViewController.m; sourceTree = "<group>"; };
		F7438A961BEAFC93001CBF6D /* AlertControllerViewController.h */ = {isa = PBXFileReference; fileEncoding = 4; lastKnownFileType = sourcecode.c.h; path = AlertControllerViewController.h; sourceTree = "<group>"; };
		F7438A971BEAFC93001CBF6D /* AlertControllerViewController.m */ = {isa = PBXFileReference; fileEncoding = 4; lastKnownFileType = sourcecode.c.objc; path = AlertControllerViewController.m; sourceTree = "<group>"; };
		F7438A991BEAFC93001CBF6D /* PickerViewController.h */ = {isa = PBXFileReference; fileEncoding = 4; lastKnownFileType = sourcecode.c.h; path = PickerViewController.h; sourceTree = "<group>"; };
		F7438A9A1BEAFC93001CBF6D /* PickerViewController.m */ = {isa = PBXFileReference; fileEncoding = 4; lastKnownFileType = sourcecode.c.objc; path = PickerViewController.m; sourceTree = "<group>"; };
		F7438AA81BEAFCB2001CBF6D /* KCAnnotation.h */ = {isa = PBXFileReference; fileEncoding = 4; lastKnownFileType = sourcecode.c.h; path = KCAnnotation.h; sourceTree = "<group>"; };
		F7438AA91BEAFCB2001CBF6D /* KCAnnotation.m */ = {isa = PBXFileReference; fileEncoding = 4; lastKnownFileType = sourcecode.c.objc; path = KCAnnotation.m; sourceTree = "<group>"; };
		F7438AAA1BEAFCB2001CBF6D /* MapViewController.h */ = {isa = PBXFileReference; fileEncoding = 4; lastKnownFileType = sourcecode.c.h; path = MapViewController.h; sourceTree = "<group>"; };
		F7438AAB1BEAFCB2001CBF6D /* MapViewController.m */ = {isa = PBXFileReference; fileEncoding = 4; lastKnownFileType = sourcecode.c.objc; path = MapViewController.m; sourceTree = "<group>"; };
		F7438AAD1BEAFCB2001CBF6D /* SplitTableViewController.h */ = {isa = PBXFileReference; fileEncoding = 4; lastKnownFileType = sourcecode.c.h; path = SplitTableViewController.h; sourceTree = "<group>"; };
		F7438AAE1BEAFCB2001CBF6D /* SplitTableViewController.m */ = {isa = PBXFileReference; fileEncoding = 4; lastKnownFileType = sourcecode.c.objc; path = SplitTableViewController.m; sourceTree = "<group>"; };
		F7438AB01BEAFCB2001CBF6D /* CustomCalendarViewController.h */ = {isa = PBXFileReference; fileEncoding = 4; lastKnownFileType = sourcecode.c.h; path = CustomCalendarViewController.h; sourceTree = "<group>"; };
		F7438AB11BEAFCB2001CBF6D /* CustomCalendarViewController.m */ = {isa = PBXFileReference; fileEncoding = 4; lastKnownFileType = sourcecode.c.objc; path = CustomCalendarViewController.m; sourceTree = "<group>"; };
		F7438AB21BEAFCB2001CBF6D /* MyCalenderView.h */ = {isa = PBXFileReference; fileEncoding = 4; lastKnownFileType = sourcecode.c.h; path = MyCalenderView.h; sourceTree = "<group>"; };
		F7438AB31BEAFCB2001CBF6D /* MyCalenderView.m */ = {isa = PBXFileReference; fileEncoding = 4; lastKnownFileType = sourcecode.c.objc; path = MyCalenderView.m; sourceTree = "<group>"; };
		F7438AB41BEAFCB2001CBF6D /* MyScheduleListTableViewController.h */ = {isa = PBXFileReference; fileEncoding = 4; lastKnownFileType = sourcecode.c.h; path = MyScheduleListTableViewController.h; sourceTree = "<group>"; };
		F7438AB51BEAFCB2001CBF6D /* MyScheduleListTableViewController.m */ = {isa = PBXFileReference; fileEncoding = 4; lastKnownFileType = sourcecode.c.objc; path = MyScheduleListTableViewController.m; sourceTree = "<group>"; };
		F7438AB71BEAFCB2001CBF6D /* NewRecordViewController.h */ = {isa = PBXFileReference; fileEncoding = 4; lastKnownFileType = sourcecode.c.h; path = NewRecordViewController.h; sourceTree = "<group>"; };
		F7438AB81BEAFCB2001CBF6D /* NewRecordViewController.m */ = {isa = PBXFileReference; fileEncoding = 4; lastKnownFileType = sourcecode.c.objc; path = NewRecordViewController.m; sourceTree = "<group>"; };
		F7438AB91BEAFCB2001CBF6D /* TimerButton.h */ = {isa = PBXFileReference; fileEncoding = 4; lastKnownFileType = sourcecode.c.h; path = TimerButton.h; sourceTree = "<group>"; };
		F7438ABA1BEAFCB2001CBF6D /* TimerButton.m */ = {isa = PBXFileReference; fileEncoding = 4; lastKnownFileType = sourcecode.c.objc; path = TimerButton.m; sourceTree = "<group>"; };
		F7438ABB1BEAFCB2001CBF6D /* TimerShaftCell.h */ = {isa = PBXFileReference; fileEncoding = 4; lastKnownFileType = sourcecode.c.h; path = TimerShaftCell.h; sourceTree = "<group>"; };
		F7438ABC1BEAFCB2001CBF6D /* TimerShaftCell.m */ = {isa = PBXFileReference; fileEncoding = 4; lastKnownFileType = sourcecode.c.objc; path = TimerShaftCell.m; sourceTree = "<group>"; };
		F7438ABD1BEAFCB2001CBF6D /* TimerShaftTableViewController.h */ = {isa = PBXFileReference; fileEncoding = 4; lastKnownFileType = sourcecode.c.h; path = TimerShaftTableViewController.h; sourceTree = "<group>"; };
		F7438ABE1BEAFCB2001CBF6D /* TimerShaftTableViewController.m */ = {isa = PBXFileReference; fileEncoding = 4; lastKnownFileType = sourcecode.c.objc; path = TimerShaftTableViewController.m; sourceTree = "<group>"; };
		F7438AC91BEAFCE3001CBF6D /* TestViewController.h */ = {isa = PBXFileReference; fileEncoding = 4; lastKnownFileType = sourcecode.c.h; name = TestViewController.h; path = "JXHDemo/Foundation基本用法/TestViewController/TestViewController.h"; sourceTree = SOURCE_ROOT; };
		F7438ACA1BEAFCE3001CBF6D /* TestViewController.m */ = {isa = PBXFileReference; fileEncoding = 4; lastKnownFileType = sourcecode.c.objc; name = TestViewController.m; path = "JXHDemo/Foundation基本用法/TestViewController/TestViewController.m"; sourceTree = SOURCE_ROOT; };
		F7438ACB1BEAFCE3001CBF6D /* UIAlertView+DIY.h */ = {isa = PBXFileReference; fileEncoding = 4; lastKnownFileType = sourcecode.c.h; name = "UIAlertView+DIY.h"; path = "JXHDemo/Foundation基本用法/TestViewController/UIAlertView+DIY.h"; sourceTree = SOURCE_ROOT; };
		F7438ACC1BEAFCE3001CBF6D /* UIAlertView+DIY.m */ = {isa = PBXFileReference; fileEncoding = 4; lastKnownFileType = sourcecode.c.objc; name = "UIAlertView+DIY.m"; path = "JXHDemo/Foundation基本用法/TestViewController/UIAlertView+DIY.m"; sourceTree = SOURCE_ROOT; };
		F7438ACF1BEB4DE0001CBF6D /* MyDemoViewController.h */ = {isa = PBXFileReference; fileEncoding = 4; lastKnownFileType = sourcecode.c.h; path = MyDemoViewController.h; sourceTree = "<group>"; };
		F7438AD01BEB4DE0001CBF6D /* MyDemoViewController.m */ = {isa = PBXFileReference; fileEncoding = 4; lastKnownFileType = sourcecode.c.objc; path = MyDemoViewController.m; sourceTree = "<group>"; };
		F7438AD21BEB4DFD001CBF6D /* FoundationViewController.h */ = {isa = PBXFileReference; fileEncoding = 4; lastKnownFileType = sourcecode.c.h; path = FoundationViewController.h; sourceTree = "<group>"; };
		F7438AD31BEB4DFD001CBF6D /* FoundationViewController.m */ = {isa = PBXFileReference; fileEncoding = 4; lastKnownFileType = sourcecode.c.objc; path = FoundationViewController.m; sourceTree = "<group>"; };
		F755A31E1BD8B30000803182 /* AppDelegate.h */ = {isa = PBXFileReference; fileEncoding = 4; lastKnownFileType = sourcecode.c.h; path = AppDelegate.h; sourceTree = "<group>"; };
		F755A31F1BD8B30000803182 /* AppDelegate.m */ = {isa = PBXFileReference; fileEncoding = 4; lastKnownFileType = sourcecode.c.objc; path = AppDelegate.m; sourceTree = "<group>"; };
		F755A3241BD8B32600803182 /* main.m */ = {isa = PBXFileReference; fileEncoding = 4; lastKnownFileType = sourcecode.c.objc; path = main.m; sourceTree = "<group>"; };
		F777FCAB1BDB636B00C5CBEA /* icon.png */ = {isa = PBXFileReference; lastKnownFileType = image.png; path = icon.png; sourceTree = "<group>"; };
		F7960CFA1BE33A1A004BA408 /* UIView+Extension.h */ = {isa = PBXFileReference; fileEncoding = 4; lastKnownFileType = sourcecode.c.h; path = "UIView+Extension.h"; sourceTree = "<group>"; };
		F7960CFB1BE33A1A004BA408 /* UIView+Extension.m */ = {isa = PBXFileReference; fileEncoding = 4; lastKnownFileType = sourcecode.c.objc; path = "UIView+Extension.m"; sourceTree = "<group>"; };
/* End PBXFileReference section */

/* Begin PBXFrameworksBuildPhase section */
		F70AE9A91BD08343008F817D /* Frameworks */ = {
			isa = PBXFrameworksBuildPhase;
			buildActionMask = 2147483647;
			files = (
				F722DBE21BE2108700D5EC1F /* ESKit.framework in Frameworks */,
			);
			runOnlyForDeploymentPostprocessing = 0;
		};
		F70AE9C21BD08343008F817D /* Frameworks */ = {
			isa = PBXFrameworksBuildPhase;
			buildActionMask = 2147483647;
			files = (
			);
			runOnlyForDeploymentPostprocessing = 0;
		};
/* End PBXFrameworksBuildPhase section */

/* Begin PBXGroup section */
		F70AE9A31BD08343008F817D = {
			isa = PBXGroup;
			children = (
				F70AE9AE1BD08343008F817D /* JXHDemo */,
				F70AE9C81BD08343008F817D /* JXHDemoTests */,
				F70AE9AD1BD08343008F817D /* Products */,
			);
			sourceTree = "<group>";
		};
		F70AE9AD1BD08343008F817D /* Products */ = {
			isa = PBXGroup;
			children = (
				F70AE9AC1BD08343008F817D /* JXHDemo.app */,
				F70AE9C51BD08343008F817D /* JXHDemoTests.xctest */,
			);
			name = Products;
			sourceTree = "<group>";
		};
		F70AE9AE1BD08343008F817D /* JXHDemo */ = {
			isa = PBXGroup;
			children = (
				F7438A731BEAFA9C001CBF6D /* Foundation基本用法 */,
				F7438A721BEAF8D8001CBF6D /* 自定义功能模块 */,
				F7438A711BEAF855001CBF6D /* UIKit测试 */,
				F722DAC11BE0A0AD00D5EC1F /* Common */,
				F755A31D1BD8B30000803182 /* Main导航 */,
				F70AE9AF1BD08343008F817D /* Supporting Files */,
			);
			path = JXHDemo;
			sourceTree = "<group>";
		};
		F70AE9AF1BD08343008F817D /* Supporting Files */ = {
			isa = PBXGroup;
			children = (
				F777FCAB1BDB636B00C5CBEA /* icon.png */,
				F70AE9B91BD08343008F817D /* Main.storyboard */,
				F70AE9BC1BD08343008F817D /* Images.xcassets */,
				F70AE9BE1BD08343008F817D /* LaunchScreen.xib */,
				F70AE9B01BD08343008F817D /* Info.plist */,
				F70AE9D91BD08BB1008F817D /* Prefix.pch */,
			);
			name = "Supporting Files";
			sourceTree = "<group>";
		};
		F70AE9C81BD08343008F817D /* JXHDemoTests */ = {
			isa = PBXGroup;
			children = (
				F70AE9CB1BD08343008F817D /* JXHDemoTests.m */,
				F70AE9C91BD08343008F817D /* Supporting Files */,
			);
			path = JXHDemoTests;
			sourceTree = "<group>";
		};
		F70AE9C91BD08343008F817D /* Supporting Files */ = {
			isa = PBXGroup;
			children = (
				F70AE9CA1BD08343008F817D /* Info.plist */,
			);
			name = "Supporting Files";
			sourceTree = "<group>";
		};
		F722DAC11BE0A0AD00D5EC1F /* Common */ = {
			isa = PBXGroup;
			children = (
				F722DBAD1BE0AAA500D5EC1F /* Category */,
				F722DBA61BE0A9DC00D5EC1F /* Lib */,
				F722DBAA1BE0A9DC00D5EC1F /* Tool */,
			);
			path = Common;
			sourceTree = "<group>";
		};
		F722DBA61BE0A9DC00D5EC1F /* Lib */ = {
			isa = PBXGroup;
			children = (
				F722DBE11BE2108700D5EC1F /* ESKit.framework */,
			);
			path = Lib;
			sourceTree = "<group>";
		};
		F722DBAA1BE0A9DC00D5EC1F /* Tool */ = {
			isa = PBXGroup;
			children = (
			);
			path = Tool;
			sourceTree = "<group>";
		};
		F722DBAD1BE0AAA500D5EC1F /* Category */ = {
			isa = PBXGroup;
			children = (
				F7960CFA1BE33A1A004BA408 /* UIView+Extension.h */,
				F7960CFB1BE33A1A004BA408 /* UIView+Extension.m */,
				F722DBE31BE213F200D5EC1F /* UIBarButtonItem+Extension.h */,
				F722DBE41BE213F200D5EC1F /* UIBarButtonItem+Extension.m */,
				F722DBDE1BE20F3C00D5EC1F /* UIImage+Extension.h */,
				F722DBDF1BE20F3C00D5EC1F /* UIImage+Extension.m */,
				F722DBAE1BE0AAAF00D5EC1F /* NSString+Extension.h */,
				F722DBAF1BE0AAAF00D5EC1F /* NSString+Extension.m */,
			);
			path = Category;
			sourceTree = "<group>";
		};
		F722DBC91BE20DDF00D5EC1F /* Controller */ = {
			isa = PBXGroup;
			children = (
				F722DBCA1BE20DDF00D5EC1F /* ESNavigationController.h */,
				F722DBCB1BE20DDF00D5EC1F /* ESNavigationController.m */,
				F722DBCC1BE20DDF00D5EC1F /* ESTabBarController.h */,
				F722DBCD1BE20DDF00D5EC1F /* ESTabBarController.m */,
				F722DBD01BE20DDF00D5EC1F /* NewFeatureViewController.h */,
				F722DBD11BE20DDF00D5EC1F /* NewFeatureViewController.m */,
			);
			path = Controller;
			sourceTree = "<group>";
		};
		F722DBD31BE20DDF00D5EC1F /* View */ = {
			isa = PBXGroup;
			children = (
				F722DBD41BE20DDF00D5EC1F /* ESTabBar.h */,
				F722DBD51BE20DDF00D5EC1F /* ESTabBar.m */,
				F722DBD61BE20DDF00D5EC1F /* ESTabBarButton.h */,
				F722DBD71BE20DDF00D5EC1F /* ESTabBarButton.m */,
			);
			path = View;
			sourceTree = "<group>";
		};
		F7438A711BEAF855001CBF6D /* UIKit测试 */ = {
			isa = PBXGroup;
			children = (
				F7438A7B1BEAFC93001CBF6D /* MainTableViewController.h */,
				F7438A7C1BEAFC93001CBF6D /* MainTableViewController.m */,
				F7438A7D1BEAFC93001CBF6D /* NSString高度 */,
				F7438A801BEAFC93001CBF6D /* UIView二维图形Affine变换 */,
				F7438A831BEAFC93001CBF6D /* UIWebView */,
				F7438A861BEAFC93001CBF6D /* 可以展开的TableView */,
				F7438A8D1BEAFC93001CBF6D /* 复选框 */,
				F7438A921BEAFC93001CBF6D /* 左对齐alertview */,
				F7438A951BEAFC93001CBF6D /* 提示框与操作表UIAlertController */,
				F7438A981BEAFC93001CBF6D /* 选择框PickerView */,
			);
			path = "UIKit测试";
			sourceTree = "<group>";
		};
		F7438A721BEAF8D8001CBF6D /* 自定义功能模块 */ = {
			isa = PBXGroup;
			children = (
				F7438AA71BEAFCB2001CBF6D /* 地图 */,
				F7438AAC1BEAFCB2001CBF6D /* 带搜索框的分栏表格 */,
				F7438AAF1BEAFCB2001CBF6D /* 日历 */,
				F7438AB61BEAFCB2001CBF6D /* 时间轴 */,
				F7438ACF1BEB4DE0001CBF6D /* MyDemoViewController.h */,
				F7438AD01BEB4DE0001CBF6D /* MyDemoViewController.m */,
			);
			path = "自定义功能模块";
			sourceTree = "<group>";
		};
		F7438A731BEAFA9C001CBF6D /* Foundation基本用法 */ = {
			isa = PBXGroup;
			children = (
				F774BCA91BD9C95E002A5CC1 /* TestViewController */,
				F7438AD21BEB4DFD001CBF6D /* FoundationViewController.h */,
				F7438AD31BEB4DFD001CBF6D /* FoundationViewController.m */,
			);
			path = "Foundation基本用法";
			sourceTree = "<group>";
		};
		F7438A7D1BEAFC93001CBF6D /* NSString高度 */ = {
			isa = PBXGroup;
			children = (
				F7438A7E1BEAFC93001CBF6D /* LabelHeightViewController.h */,
				F7438A7F1BEAFC93001CBF6D /* LabelHeightViewController.m */,
			);
			path = "NSString高度";
			sourceTree = "<group>";
		};
		F7438A801BEAFC93001CBF6D /* UIView二维图形Affine变换 */ = {
			isa = PBXGroup;
			children = (
				F7438A811BEAFC93001CBF6D /* AffineViewController.h */,
				F7438A821BEAFC93001CBF6D /* AffineViewController.m */,
			);
			path = "UIView二维图形Affine变换";
			sourceTree = "<group>";
		};
		F7438A831BEAFC93001CBF6D /* UIWebView */ = {
			isa = PBXGroup;
			children = (
				F7438A841BEAFC93001CBF6D /* OpenWebViewController.h */,
				F7438A851BEAFC93001CBF6D /* OpenWebViewController.m */,
			);
			path = UIWebView;
			sourceTree = "<group>";
		};
		F7438A861BEAFC93001CBF6D /* 可以展开的TableView */ = {
			isa = PBXGroup;
			children = (
				F7438A871BEAFC93001CBF6D /* FolderTableViewController.h */,
				F7438A881BEAFC93001CBF6D /* FolderTableViewController.m */,
				F7438A891BEAFC93001CBF6D /* SectionHeader.h */,
				F7438A8A1BEAFC93001CBF6D /* SectionHeader.m */,
				F7438A8B1BEAFC93001CBF6D /* SectionHeaderView.h */,
				F7438A8C1BEAFC93001CBF6D /* SectionHeaderView.m */,
			);
			path = "可以展开的TableView";
			sourceTree = "<group>";
		};
		F7438A8D1BEAFC93001CBF6D /* 复选框 */ = {
			isa = PBXGroup;
			children = (
				F7438A8E1BEAFC93001CBF6D /* CheckBoxViewController.h */,
				F7438A8F1BEAFC93001CBF6D /* CheckBoxViewController.m */,
				F7438A901BEAFC93001CBF6D /* UICheckBox.h */,
				F7438A911BEAFC93001CBF6D /* UICheckBox.m */,
			);
			path = "复选框";
			sourceTree = "<group>";
		};
		F7438A921BEAFC93001CBF6D /* 左对齐alertview */ = {
			isa = PBXGroup;
			children = (
				F7438A931BEAFC93001CBF6D /* AlertViewController.h */,
				F7438A941BEAFC93001CBF6D /* AlertViewController.m */,
			);
			path = "左对齐alertview";
			sourceTree = "<group>";
		};
		F7438A951BEAFC93001CBF6D /* 提示框与操作表UIAlertController */ = {
			isa = PBXGroup;
			children = (
				F7438A961BEAFC93001CBF6D /* AlertControllerViewController.h */,
				F7438A971BEAFC93001CBF6D /* AlertControllerViewController.m */,
			);
			path = "提示框与操作表UIAlertController";
			sourceTree = "<group>";
		};
		F7438A981BEAFC93001CBF6D /* 选择框PickerView */ = {
			isa = PBXGroup;
			children = (
				F7438A991BEAFC93001CBF6D /* PickerViewController.h */,
				F7438A9A1BEAFC93001CBF6D /* PickerViewController.m */,
			);
			path = "选择框PickerView";
			sourceTree = "<group>";
		};
		F7438AA71BEAFCB2001CBF6D /* 地图 */ = {
			isa = PBXGroup;
			children = (
				F7438AA81BEAFCB2001CBF6D /* KCAnnotation.h */,
				F7438AA91BEAFCB2001CBF6D /* KCAnnotation.m */,
				F7438AAA1BEAFCB2001CBF6D /* MapViewController.h */,
				F7438AAB1BEAFCB2001CBF6D /* MapViewController.m */,
			);
			path = "地图";
			sourceTree = "<group>";
		};
		F7438AAC1BEAFCB2001CBF6D /* 带搜索框的分栏表格 */ = {
			isa = PBXGroup;
			children = (
				F7438AAD1BEAFCB2001CBF6D /* SplitTableViewController.h */,
				F7438AAE1BEAFCB2001CBF6D /* SplitTableViewController.m */,
			);
			path = "带搜索框的分栏表格";
			sourceTree = "<group>";
		};
		F7438AAF1BEAFCB2001CBF6D /* 日历 */ = {
			isa = PBXGroup;
			children = (
				F7438AB01BEAFCB2001CBF6D /* CustomCalendarViewController.h */,
				F7438AB11BEAFCB2001CBF6D /* CustomCalendarViewController.m */,
				F7438AB21BEAFCB2001CBF6D /* MyCalenderView.h */,
				F7438AB31BEAFCB2001CBF6D /* MyCalenderView.m */,
				F7438AB41BEAFCB2001CBF6D /* MyScheduleListTableViewController.h */,
				F7438AB51BEAFCB2001CBF6D /* MyScheduleListTableViewController.m */,
			);
			path = "日历";
			sourceTree = "<group>";
		};
		F7438AB61BEAFCB2001CBF6D /* 时间轴 */ = {
			isa = PBXGroup;
			children = (
				F7438AB71BEAFCB2001CBF6D /* NewRecordViewController.h */,
				F7438AB81BEAFCB2001CBF6D /* NewRecordViewController.m */,
				F7438AB91BEAFCB2001CBF6D /* TimerButton.h */,
				F7438ABA1BEAFCB2001CBF6D /* TimerButton.m */,
				F7438ABB1BEAFCB2001CBF6D /* TimerShaftCell.h */,
				F7438ABC1BEAFCB2001CBF6D /* TimerShaftCell.m */,
				F7438ABD1BEAFCB2001CBF6D /* TimerShaftTableViewController.h */,
				F7438ABE1BEAFCB2001CBF6D /* TimerShaftTableViewController.m */,
			);
			path = "时间轴";
			sourceTree = "<group>";
		};
		F755A31D1BD8B30000803182 /* Main导航 */ = {
			isa = PBXGroup;
			children = (
				F722DBC91BE20DDF00D5EC1F /* Controller */,
				F722DBD31BE20DDF00D5EC1F /* View */,
				F755A3241BD8B32600803182 /* main.m */,
				F755A31E1BD8B30000803182 /* AppDelegate.h */,
				F755A31F1BD8B30000803182 /* AppDelegate.m */,
			);
			name = "Main导航";
			path = Main;
			sourceTree = "<group>";
		};
		F774BCA91BD9C95E002A5CC1 /* TestViewController */ = {
			isa = PBXGroup;
			children = (
				F7438AC91BEAFCE3001CBF6D /* TestViewController.h */,
				F7438ACA1BEAFCE3001CBF6D /* TestViewController.m */,
				F7438ACB1BEAFCE3001CBF6D /* UIAlertView+DIY.h */,
				F7438ACC1BEAFCE3001CBF6D /* UIAlertView+DIY.m */,
			);
			name = TestViewController;
			path = ../TestViewController;
			sourceTree = "<group>";
		};
/* End PBXGroup section */

/* Begin PBXNativeTarget section */
		F70AE9AB1BD08343008F817D /* JXHDemo */ = {
			isa = PBXNativeTarget;
			buildConfigurationList = F70AE9CF1BD08343008F817D /* Build configuration list for PBXNativeTarget "JXHDemo" */;
			buildPhases = (
				F70AE9A81BD08343008F817D /* Sources */,
				F70AE9A91BD08343008F817D /* Frameworks */,
				F70AE9AA1BD08343008F817D /* Resources */,
			);
			buildRules = (
			);
			dependencies = (
			);
			name = JXHDemo;
			productName = JXHDemo;
			productReference = F70AE9AC1BD08343008F817D /* JXHDemo.app */;
			productType = "com.apple.product-type.application";
		};
		F70AE9C41BD08343008F817D /* JXHDemoTests */ = {
			isa = PBXNativeTarget;
			buildConfigurationList = F70AE9D21BD08343008F817D /* Build configuration list for PBXNativeTarget "JXHDemoTests" */;
			buildPhases = (
				F70AE9C11BD08343008F817D /* Sources */,
				F70AE9C21BD08343008F817D /* Frameworks */,
				F70AE9C31BD08343008F817D /* Resources */,
			);
			buildRules = (
			);
			dependencies = (
				F70AE9C71BD08343008F817D /* PBXTargetDependency */,
			);
			name = JXHDemoTests;
			productName = JXHDemoTests;
			productReference = F70AE9C51BD08343008F817D /* JXHDemoTests.xctest */;
			productType = "com.apple.product-type.bundle.unit-test";
		};
/* End PBXNativeTarget section */

/* Begin PBXProject section */
		F70AE9A41BD08343008F817D /* Project object */ = {
			isa = PBXProject;
			attributes = {
				LastUpgradeCheck = 0630;
				ORGANIZATIONNAME = Jiangxh;
				TargetAttributes = {
					F70AE9AB1BD08343008F817D = {
						CreatedOnToolsVersion = 6.3.2;
						DevelopmentTeam = V4SYMZQA29;
					};
					F70AE9C41BD08343008F817D = {
						CreatedOnToolsVersion = 6.3.2;
						TestTargetID = F70AE9AB1BD08343008F817D;
					};
				};
			};
			buildConfigurationList = F70AE9A71BD08343008F817D /* Build configuration list for PBXProject "JXHDemo" */;
			compatibilityVersion = "Xcode 3.2";
			developmentRegion = English;
			hasScannedForEncodings = 0;
			knownRegions = (
				en,
				Base,
			);
			mainGroup = F70AE9A31BD08343008F817D;
			productRefGroup = F70AE9AD1BD08343008F817D /* Products */;
			projectDirPath = "";
			projectRoot = "";
			targets = (
				F70AE9AB1BD08343008F817D /* JXHDemo */,
				F70AE9C41BD08343008F817D /* JXHDemoTests */,
			);
		};
/* End PBXProject section */

/* Begin PBXResourcesBuildPhase section */
		F70AE9AA1BD08343008F817D /* Resources */ = {
			isa = PBXResourcesBuildPhase;
			buildActionMask = 2147483647;
			files = (
				F777FCAC1BDB636B00C5CBEA /* icon.png in Resources */,
				F70AE9BB1BD08343008F817D /* Main.storyboard in Resources */,
				F70AE9C01BD08343008F817D /* LaunchScreen.xib in Resources */,
				F70AE9BD1BD08343008F817D /* Images.xcassets in Resources */,
			);
			runOnlyForDeploymentPostprocessing = 0;
		};
		F70AE9C31BD08343008F817D /* Resources */ = {
			isa = PBXResourcesBuildPhase;
			buildActionMask = 2147483647;
			files = (
			);
			runOnlyForDeploymentPostprocessing = 0;
		};
/* End PBXResourcesBuildPhase section */

/* Begin PBXSourcesBuildPhase section */
		F70AE9A81BD08343008F817D /* Sources */ = {
			isa = PBXSourcesBuildPhase;
			buildActionMask = 2147483647;
			files = (
				F7438A9E1BEAFC93001CBF6D /* OpenWebViewController.m in Sources */,
				F722DBD91BE20DDF00D5EC1F /* ESTabBarController.m in Sources */,
				F7438AC41BEAFCB2001CBF6D /* MyScheduleListTableViewController.m in Sources */,
				F7438ABF1BEAFCB2001CBF6D /* KCAnnotation.m in Sources */,
				F7438ACE1BEAFCE3001CBF6D /* UIAlertView+DIY.m in Sources */,
				F722DBE51BE213F200D5EC1F /* UIBarButtonItem+Extension.m in Sources */,
				F7438AA51BEAFC93001CBF6D /* AlertControllerViewController.m in Sources */,
				F7438ACD1BEAFCE3001CBF6D /* TestViewController.m in Sources */,
				F7438AC81BEAFCB2001CBF6D /* TimerShaftTableViewController.m in Sources */,
				F7438A9F1BEAFC93001CBF6D /* FolderTableViewController.m in Sources */,
				F7438A9D1BEAFC93001CBF6D /* AffineViewController.m in Sources */,
				F7438AC21BEAFCB2001CBF6D /* CustomCalendarViewController.m in Sources */,
				F7960CFC1BE33A1A004BA408 /* UIView+Extension.m in Sources */,
				F7438AA01BEAFC93001CBF6D /* SectionHeader.m in Sources */,
				F7438A9C1BEAFC93001CBF6D /* LabelHeightViewController.m in Sources */,
				F7438AD11BEB4DE0001CBF6D /* MyDemoViewController.m in Sources */,
				F7438AA11BEAFC93001CBF6D /* SectionHeaderView.m in Sources */,
				F7438AC61BEAFCB2001CBF6D /* TimerButton.m in Sources */,
				F755A3251BD8B32600803182 /* main.m in Sources */,
				F722DBDC1BE20DDF00D5EC1F /* ESTabBar.m in Sources */,
				F7438AA61BEAFC93001CBF6D /* PickerViewController.m in Sources */,
				F7438AA41BEAFC93001CBF6D /* AlertViewController.m in Sources */,
				F722DBD81BE20DDF00D5EC1F /* ESNavigationController.m in Sources */,
				F722DBDD1BE20DDF00D5EC1F /* ESTabBarButton.m in Sources */,
				F7438AA31BEAFC93001CBF6D /* UICheckBox.m in Sources */,
				F7438AC71BEAFCB2001CBF6D /* TimerShaftCell.m in Sources */,
				F7438AC31BEAFCB2001CBF6D /* MyCalenderView.m in Sources */,
				F755A3221BD8B30000803182 /* AppDelegate.m in Sources */,
				F7438AD41BEB4DFD001CBF6D /* FoundationViewController.m in Sources */,
				F7438AA21BEAFC93001CBF6D /* CheckBoxViewController.m in Sources */,
				F7438AC01BEAFCB2001CBF6D /* MapViewController.m in Sources */,
				F722DBE01BE20F3C00D5EC1F /* UIImage+Extension.m in Sources */,
				F7438AC11BEAFCB2001CBF6D /* SplitTableViewController.m in Sources */,
				F7438AC51BEAFCB2001CBF6D /* NewRecordViewController.m in Sources */,
				F722DBDB1BE20DDF00D5EC1F /* NewFeatureViewController.m in Sources */,
				F7438A9B1BEAFC93001CBF6D /* MainTableViewController.m in Sources */,
				F722DBB01BE0AAAF00D5EC1F /* NSString+Extension.m in Sources */,
			);
			runOnlyForDeploymentPostprocessing = 0;
		};
		F70AE9C11BD08343008F817D /* Sources */ = {
			isa = PBXSourcesBuildPhase;
			buildActionMask = 2147483647;
			files = (
				F70AE9CC1BD08343008F817D /* JXHDemoTests.m in Sources */,
			);
			runOnlyForDeploymentPostprocessing = 0;
		};
/* End PBXSourcesBuildPhase section */

/* Begin PBXTargetDependency section */
		F70AE9C71BD08343008F817D /* PBXTargetDependency */ = {
			isa = PBXTargetDependency;
			target = F70AE9AB1BD08343008F817D /* JXHDemo */;
			targetProxy = F70AE9C61BD08343008F817D /* PBXContainerItemProxy */;
		};
/* End PBXTargetDependency section */

/* Begin PBXVariantGroup section */
		F70AE9B91BD08343008F817D /* Main.storyboard */ = {
			isa = PBXVariantGroup;
			children = (
				F70AE9BA1BD08343008F817D /* Base */,
			);
			name = Main.storyboard;
			sourceTree = "<group>";
		};
		F70AE9BE1BD08343008F817D /* LaunchScreen.xib */ = {
			isa = PBXVariantGroup;
			children = (
				F70AE9BF1BD08343008F817D /* Base */,
			);
			name = LaunchScreen.xib;
			sourceTree = "<group>";
		};
/* End PBXVariantGroup section */

/* Begin XCBuildConfiguration section */
		F70AE9CD1BD08343008F817D /* Debug */ = {
			isa = XCBuildConfiguration;
			buildSettings = {
				ALWAYS_SEARCH_USER_PATHS = NO;
				CLANG_CXX_LANGUAGE_STANDARD = "gnu++0x";
				CLANG_CXX_LIBRARY = "libc++";
				CLANG_ENABLE_MODULES = YES;
				CLANG_ENABLE_OBJC_ARC = YES;
				CLANG_WARN_BOOL_CONVERSION = YES;
				CLANG_WARN_CONSTANT_CONVERSION = YES;
				CLANG_WARN_DIRECT_OBJC_ISA_USAGE = YES_ERROR;
				CLANG_WARN_EMPTY_BODY = YES;
				CLANG_WARN_ENUM_CONVERSION = YES;
				CLANG_WARN_INT_CONVERSION = YES;
				CLANG_WARN_OBJC_ROOT_CLASS = YES_ERROR;
				CLANG_WARN_UNREACHABLE_CODE = YES;
				CLANG_WARN__DUPLICATE_METHOD_MATCH = YES;
				"CODE_SIGN_IDENTITY[sdk=iphoneos*]" = "iPhone Developer";
				COPY_PHASE_STRIP = NO;
				DEBUG_INFORMATION_FORMAT = "dwarf-with-dsym";
				ENABLE_STRICT_OBJC_MSGSEND = YES;
				GCC_C_LANGUAGE_STANDARD = gnu99;
				GCC_DYNAMIC_NO_PIC = NO;
				GCC_NO_COMMON_BLOCKS = YES;
				GCC_OPTIMIZATION_LEVEL = 0;
				GCC_PREFIX_HEADER = "/Users/jxh/Desktop/GitHub项目托管/JXHDemo/JXHDemo/Prefix.pch";
				GCC_PREPROCESSOR_DEFINITIONS = (
					"DEBUG=1",
					"$(inherited)",
				);
				GCC_SYMBOLS_PRIVATE_EXTERN = NO;
				GCC_WARN_64_TO_32_BIT_CONVERSION = YES;
				GCC_WARN_ABOUT_RETURN_TYPE = YES_ERROR;
				GCC_WARN_UNDECLARED_SELECTOR = YES;
				GCC_WARN_UNINITIALIZED_AUTOS = YES_AGGRESSIVE;
				GCC_WARN_UNUSED_FUNCTION = YES;
				GCC_WARN_UNUSED_VARIABLE = YES;
				IPHONEOS_DEPLOYMENT_TARGET = 8.3;
				MTL_ENABLE_DEBUG_INFO = YES;
				ONLY_ACTIVE_ARCH = YES;
				SDKROOT = iphoneos;
			};
			name = Debug;
		};
		F70AE9CE1BD08343008F817D /* Release */ = {
			isa = XCBuildConfiguration;
			buildSettings = {
				ALWAYS_SEARCH_USER_PATHS = NO;
				CLANG_CXX_LANGUAGE_STANDARD = "gnu++0x";
				CLANG_CXX_LIBRARY = "libc++";
				CLANG_ENABLE_MODULES = YES;
				CLANG_ENABLE_OBJC_ARC = YES;
				CLANG_WARN_BOOL_CONVERSION = YES;
				CLANG_WARN_CONSTANT_CONVERSION = YES;
				CLANG_WARN_DIRECT_OBJC_ISA_USAGE = YES_ERROR;
				CLANG_WARN_EMPTY_BODY = YES;
				CLANG_WARN_ENUM_CONVERSION = YES;
				CLANG_WARN_INT_CONVERSION = YES;
				CLANG_WARN_OBJC_ROOT_CLASS = YES_ERROR;
				CLANG_WARN_UNREACHABLE_CODE = YES;
				CLANG_WARN__DUPLICATE_METHOD_MATCH = YES;
				"CODE_SIGN_IDENTITY[sdk=iphoneos*]" = "iPhone Developer";
				COPY_PHASE_STRIP = NO;
				DEBUG_INFORMATION_FORMAT = "dwarf-with-dsym";
				ENABLE_NS_ASSERTIONS = NO;
				ENABLE_STRICT_OBJC_MSGSEND = YES;
				GCC_C_LANGUAGE_STANDARD = gnu99;
				GCC_NO_COMMON_BLOCKS = YES;
				GCC_PREFIX_HEADER = "/Users/jxh/Desktop/GitHub项目托管/JXHDemo/JXHDemo/Prefix.pch";
				GCC_WARN_64_TO_32_BIT_CONVERSION = YES;
				GCC_WARN_ABOUT_RETURN_TYPE = YES_ERROR;
				GCC_WARN_UNDECLARED_SELECTOR = YES;
				GCC_WARN_UNINITIALIZED_AUTOS = YES_AGGRESSIVE;
				GCC_WARN_UNUSED_FUNCTION = YES;
				GCC_WARN_UNUSED_VARIABLE = YES;
				IPHONEOS_DEPLOYMENT_TARGET = 8.3;
				MTL_ENABLE_DEBUG_INFO = NO;
				SDKROOT = iphoneos;
				VALIDATE_PRODUCT = YES;
			};
			name = Release;
		};
		F70AE9D01BD08343008F817D /* Debug */ = {
			isa = XCBuildConfiguration;
			buildSettings = {
				ASSETCATALOG_COMPILER_APPICON_NAME = AppIcon;
				ASSETCATALOG_COMPILER_LAUNCHIMAGE_NAME = LaunchImage;
				CODE_SIGN_IDENTITY = "iPhone Developer";
				FRAMEWORK_SEARCH_PATHS = (
					"$(inherited)",
					"$(PROJECT_DIR)/JXHDemo/Common/Lib/ESKit",
					"$(PROJECT_DIR)/JXHDemo/Common/Lib/GDMap",
					"$(PROJECT_DIR)/JXHDemo/Common/Lib",
				);
				INFOPLIST_FILE = JXHDemo/Info.plist;
				IPHONEOS_DEPLOYMENT_TARGET = 8.3;
				LD_RUNPATH_SEARCH_PATHS = "$(inherited) @executable_path/Frameworks";
				PRODUCT_BUNDLE_IDENTIFIER = Jiangxh.JXHDemo2egege;
				PRODUCT_NAME = "$(TARGET_NAME)";
				TARGETED_DEVICE_FAMILY = 1;
			};
			name = Debug;
		};
		F70AE9D11BD08343008F817D /* Release */ = {
			isa = XCBuildConfiguration;
			buildSettings = {
				ASSETCATALOG_COMPILER_APPICON_NAME = AppIcon;
				ASSETCATALOG_COMPILER_LAUNCHIMAGE_NAME = LaunchImage;
				CODE_SIGN_IDENTITY = "iPhone Developer";
				FRAMEWORK_SEARCH_PATHS = (
					"$(inherited)",
					"$(PROJECT_DIR)/JXHDemo/Common/Lib/ESKit",
					"$(PROJECT_DIR)/JXHDemo/Common/Lib/GDMap",
					"$(PROJECT_DIR)/JXHDemo/Common/Lib",
				);
				INFOPLIST_FILE = JXHDemo/Info.plist;
				IPHONEOS_DEPLOYMENT_TARGET = 8.3;
				LD_RUNPATH_SEARCH_PATHS = "$(inherited) @executable_path/Frameworks";
				PRODUCT_BUNDLE_IDENTIFIER = Jiangxh.JXHDemo2egege;
				PRODUCT_NAME = "$(TARGET_NAME)";
				TARGETED_DEVICE_FAMILY = 1;
			};
			name = Release;
		};
		F70AE9D31BD08343008F817D /* Debug */ = {
			isa = XCBuildConfiguration;
			buildSettings = {
				BUNDLE_LOADER = "$(TEST_HOST)";
				FRAMEWORK_SEARCH_PATHS = (
					"$(SDKROOT)/Developer/Library/Frameworks",
					"$(inherited)",
				);
				GCC_PREPROCESSOR_DEFINITIONS = (
					"DEBUG=1",
					"$(inherited)",
				);
				INFOPLIST_FILE = JXHDemoTests/Info.plist;
				LD_RUNPATH_SEARCH_PATHS = "$(inherited) @executable_path/Frameworks @loader_path/Frameworks";
				PRODUCT_NAME = "$(TARGET_NAME)";
				TEST_HOST = "$(BUILT_PRODUCTS_DIR)/JXHDemo.app/JXHDemo";
			};
			name = Debug;
		};
		F70AE9D41BD08343008F817D /* Release */ = {
			isa = XCBuildConfiguration;
			buildSettings = {
				BUNDLE_LOADER = "$(TEST_HOST)";
				FRAMEWORK_SEARCH_PATHS = (
					"$(SDKROOT)/Developer/Library/Frameworks",
					"$(inherited)",
				);
				INFOPLIST_FILE = JXHDemoTests/Info.plist;
				LD_RUNPATH_SEARCH_PATHS = "$(inherited) @executable_path/Frameworks @loader_path/Frameworks";
				PRODUCT_NAME = "$(TARGET_NAME)";
				TEST_HOST = "$(BUILT_PRODUCTS_DIR)/JXHDemo.app/JXHDemo";
			};
			name = Release;
		};
/* End XCBuildConfiguration section */

/* Begin XCConfigurationList section */
		F70AE9A71BD08343008F817D /* Build configuration list for PBXProject "JXHDemo" */ = {
			isa = XCConfigurationList;
			buildConfigurations = (
				F70AE9CD1BD08343008F817D /* Debug */,
				F70AE9CE1BD08343008F817D /* Release */,
			);
			defaultConfigurationIsVisible = 0;
			defaultConfigurationName = Release;
		};
		F70AE9CF1BD08343008F817D /* Build configuration list for PBXNativeTarget "JXHDemo" */ = {
			isa = XCConfigurationList;
			buildConfigurations = (
				F70AE9D01BD08343008F817D /* Debug */,
				F70AE9D11BD08343008F817D /* Release */,
			);
			defaultConfigurationIsVisible = 0;
			defaultConfigurationName = Release;
		};
		F70AE9D21BD08343008F817D /* Build configuration list for PBXNativeTarget "JXHDemoTests" */ = {
			isa = XCConfigurationList;
			buildConfigurations = (
				F70AE9D31BD08343008F817D /* Debug */,
				F70AE9D41BD08343008F817D /* Release */,
			);
			defaultConfigurationIsVisible = 0;
			defaultConfigurationName = Release;
		};
/* End XCConfigurationList section */
	};
	rootObject = F70AE9A41BD08343008F817D /* Project object */;
}
